schema: '2.0'
stages:
  split:
    cmd: python brain_tumor_classification/data/split.py --data_dir data/raw/
      --out_dir data/splits/
    deps:
    - path: brain_tumor_classification/data/split.py
      hash: md5
      md5: 112f481d50b941fabe6a828c913cefae
      size: 2294
    - path: data/raw/
      hash: md5
      md5: 44f5fe7fb0109b3daf243825536be454.dir
      size: 140240790
      nfiles: 10498
    outs:
    - path: data/splits/
      hash: md5
      md5: 4cc80a25f3a14d9434b8ffc3f6dff073.dir
      size: 140209972
      nfiles: 10498
  train_statistics:
    cmd: python brain_tumor_classification/data/compute_stats.py --data_dir
      data/splits/train --out_path data/stats/mean_std.json
    deps:
    - path: brain_tumor_classification/data/compute_stats.py
      hash: md5
      md5: 999c1a32f997b5cb83ad5eccf28b4a94
      size: 1075
    - path: data/splits/train
      hash: md5
      md5: c5d8f673d0a7291cf4dddaefe90c80e3.dir
      size: 98250430
      nfiles: 7344
    outs:
    - path: data/stats/
      hash: md5
      md5: a394c1413b84424874d1534a4a098d45.dir
      size: 214
      nfiles: 1
  download:
    cmd: bash scripts/download_data.sh
    deps:
    - path: scripts/download_data.sh
      hash: md5
      md5: 99cd11599ff1c9bd15f114b6adbc6778
      size: 116
    outs:
    - path: data/raw
      hash: md5
      md5: 44f5fe7fb0109b3daf243825536be454.dir
      size: 140240790
      nfiles: 10498
